
Microsoft Visual Studio Solution File, Format Version 12.00
# Visual Studio Version 17
VisualStudioVersion = 17.10.35013.160
MinimumVisualStudioVersion = 10.0.40219.1
Project("{FAE04EC0-301F-11D3-BF4B-00C04F79EFBC}") = "PortfolioProjectAPP", "PortfolioProjectAPP\PortfolioProjectAPP.csproj", "{D8A43DCF-460A-4575-9071-1271990229DF}"
EndProject
Global
	GlobalSection(SolutionConfigurationPlatforms) = preSolution
		Debug|Any CPU = Debug|Any CPU
		Release|Any CPU = Release|Any CPU
	EndGlobalSection
	GlobalSection(ProjectConfigurationPlatforms) = postSolution
		{D8A43DCF-460A-4575-9071-1271990229DF}.Debug|Any CPU.ActiveCfg = Debug|Any CPU
		{D8A43DCF-460A-4575-9071-1271990229DF}.Debug|Any CPU.Build.0 = Debug|Any CPU
		{D8A43DCF-460A-4575-9071-1271990229DF}.Release|Any CPU.ActiveCfg = Release|Any CPU
		{D8A43DCF-460A-4575-9071-1271990229DF}.Release|Any CPU.Build.0 = Release|Any CPU
	EndGlobalSection
	GlobalSection(SolutionProperties) = preSolution
		HideSolutionNode = FALSE
	EndGlobalSection
	GlobalSection(ExtensibilityGlobals) = postSolution
		SolutionGuid = {1FA4FBC5-8C76-4B4A-B0B9-8BEE108523B4}
	EndGlobalSection
EndGlobal
